
Microsoft Visual Studio Solution File, Format Version 12.00
# Visual Studio 15
VisualStudioVersion = 15.0.27703.2026
MinimumVisualStudioVersion = 10.0.40219.1
Project("{8BC9CEB8-8B4A-11D0-8D11-00A0C91BC942}") = "Diassembler", "Diassembler\Diassembler.vcxproj", "{EBEDAF02-D5AB-433A-9123-F55F626864ED}"
EndProject
Project("{8BC9CEB8-8B4A-11D0-8D11-00A0C91BC942}") = "Decompiler", "Decompiler\Decompiler.vcxproj", "{6E2B3F37-89D0-48F4-9292-5DCB50E922D6}"
EndProject
Project("{8BC9CEB8-8B4A-11D0-8D11-00A0C91BC942}") = "Compiler", "Compiler\Compiler.vcxproj", "{EDB2E76A-E6A7-430D-84FD-A52027CD5105}"
EndProject
Project("{8BC9CEB8-8B4A-11D0-8D11-00A0C91BC942}") = "Emulator", "Emulator\Emulator.vcxproj", "{5144E775-FB0D-42D9-8670-42C632A11F45}"
EndProject
Project("{8BC9CEB8-8B4A-11D0-8D11-00A0C91BC942}") = "Debugger", "Debugger\Debugger.vcxproj", "{A8F51EA5-BFBA-41D4-AF9D-66D211259176}"
EndProject
Project("{8BC9CEB8-8B4A-11D0-8D11-00A0C91BC942}") = "Architecture", "Architecture\Architecture.vcxproj", "{9C494346-D69E-4DD0-95FC-0A0634E9BA86}"
EndProject
Project("{8BC9CEB8-8B4A-11D0-8D11-00A0C91BC942}") = "Operating System", "Operating System\Operating System.vcxproj", "{F53D686C-E458-4C7B-89F4-F63F90411C29}"
EndProject
Project("{2150E333-8FDC-42A3-9474-1A3956D46DE8}") = "Common", "Common", "{E7524A7F-1A7F-4373-8189-FD4741147B37}"
EndProject
Project("{2150E333-8FDC-42A3-9474-1A3956D46DE8}") = "Source Files", "Source Files", "{88DAFFF9-E045-4AF8-B786-E06483D648C7}"
	ProjectSection(SolutionItems) = preProject
		Common\opcodes.cpp = Common\opcodes.cpp
	EndProjectSection
EndProject
Project("{2150E333-8FDC-42A3-9474-1A3956D46DE8}") = "Header Files", "Header Files", "{4D99582A-F228-468D-8DBB-9CAC5E1BF8B8}"
	ProjectSection(SolutionItems) = preProject
		Common\defines.hpp = Common\defines.hpp
		Common\opcodes.hpp = Common\opcodes.hpp
		Common\typedefs.hpp = Common\typedefs.hpp
	EndProjectSection
EndProject
Project("{8BC9CEB8-8B4A-11D0-8D11-00A0C91BC942}") = "Assembler", "Assembler\Assembler.vcxproj", "{191C7733-6E45-4FC7-AB3A-CCCE6722F9B8}"
EndProject
Global
	GlobalSection(SolutionConfigurationPlatforms) = preSolution
		Debug|x64 = Debug|x64
		Debug|x86 = Debug|x86
		Release|x64 = Release|x64
		Release|x86 = Release|x86
	EndGlobalSection
	GlobalSection(ProjectConfigurationPlatforms) = postSolution
		{EBEDAF02-D5AB-433A-9123-F55F626864ED}.Debug|x64.ActiveCfg = Debug|x64
		{EBEDAF02-D5AB-433A-9123-F55F626864ED}.Debug|x64.Build.0 = Debug|x64
		{EBEDAF02-D5AB-433A-9123-F55F626864ED}.Debug|x86.ActiveCfg = Debug|Win32
		{EBEDAF02-D5AB-433A-9123-F55F626864ED}.Debug|x86.Build.0 = Debug|Win32
		{EBEDAF02-D5AB-433A-9123-F55F626864ED}.Release|x64.ActiveCfg = Release|x64
		{EBEDAF02-D5AB-433A-9123-F55F626864ED}.Release|x64.Build.0 = Release|x64
		{EBEDAF02-D5AB-433A-9123-F55F626864ED}.Release|x86.ActiveCfg = Release|Win32
		{EBEDAF02-D5AB-433A-9123-F55F626864ED}.Release|x86.Build.0 = Release|Win32
		{6E2B3F37-89D0-48F4-9292-5DCB50E922D6}.Debug|x64.ActiveCfg = Debug|x64
		{6E2B3F37-89D0-48F4-9292-5DCB50E922D6}.Debug|x64.Build.0 = Debug|x64
		{6E2B3F37-89D0-48F4-9292-5DCB50E922D6}.Debug|x86.ActiveCfg = Debug|Win32
		{6E2B3F37-89D0-48F4-9292-5DCB50E922D6}.Debug|x86.Build.0 = Debug|Win32
		{6E2B3F37-89D0-48F4-9292-5DCB50E922D6}.Release|x64.ActiveCfg = Release|x64
		{6E2B3F37-89D0-48F4-9292-5DCB50E922D6}.Release|x64.Build.0 = Release|x64
		{6E2B3F37-89D0-48F4-9292-5DCB50E922D6}.Release|x86.ActiveCfg = Release|Win32
		{6E2B3F37-89D0-48F4-9292-5DCB50E922D6}.Release|x86.Build.0 = Release|Win32
		{EDB2E76A-E6A7-430D-84FD-A52027CD5105}.Debug|x64.ActiveCfg = Debug|x64
		{EDB2E76A-E6A7-430D-84FD-A52027CD5105}.Debug|x64.Build.0 = Debug|x64
		{EDB2E76A-E6A7-430D-84FD-A52027CD5105}.Debug|x86.ActiveCfg = Debug|Win32
		{EDB2E76A-E6A7-430D-84FD-A52027CD5105}.Debug|x86.Build.0 = Debug|Win32
		{EDB2E76A-E6A7-430D-84FD-A52027CD5105}.Release|x64.ActiveCfg = Release|x64
		{EDB2E76A-E6A7-430D-84FD-A52027CD5105}.Release|x64.Build.0 = Release|x64
		{EDB2E76A-E6A7-430D-84FD-A52027CD5105}.Release|x86.ActiveCfg = Release|Win32
		{EDB2E76A-E6A7-430D-84FD-A52027CD5105}.Release|x86.Build.0 = Release|Win32
		{5144E775-FB0D-42D9-8670-42C632A11F45}.Debug|x64.ActiveCfg = Debug|x64
		{5144E775-FB0D-42D9-8670-42C632A11F45}.Debug|x64.Build.0 = Debug|x64
		{5144E775-FB0D-42D9-8670-42C632A11F45}.Debug|x86.ActiveCfg = Debug|Win32
		{5144E775-FB0D-42D9-8670-42C632A11F45}.Debug|x86.Build.0 = Debug|Win32
		{5144E775-FB0D-42D9-8670-42C632A11F45}.Release|x64.ActiveCfg = Release|x64
		{5144E775-FB0D-42D9-8670-42C632A11F45}.Release|x64.Build.0 = Release|x64
		{5144E775-FB0D-42D9-8670-42C632A11F45}.Release|x86.ActiveCfg = Release|Win32
		{5144E775-FB0D-42D9-8670-42C632A11F45}.Release|x86.Build.0 = Release|Win32
		{A8F51EA5-BFBA-41D4-AF9D-66D211259176}.Debug|x64.ActiveCfg = Debug|x64
		{A8F51EA5-BFBA-41D4-AF9D-66D211259176}.Debug|x64.Build.0 = Debug|x64
		{A8F51EA5-BFBA-41D4-AF9D-66D211259176}.Debug|x86.ActiveCfg = Debug|Win32
		{A8F51EA5-BFBA-41D4-AF9D-66D211259176}.Debug|x86.Build.0 = Debug|Win32
		{A8F51EA5-BFBA-41D4-AF9D-66D211259176}.Release|x64.ActiveCfg = Release|x64
		{A8F51EA5-BFBA-41D4-AF9D-66D211259176}.Release|x64.Build.0 = Release|x64
		{A8F51EA5-BFBA-41D4-AF9D-66D211259176}.Release|x86.ActiveCfg = Release|Win32
		{A8F51EA5-BFBA-41D4-AF9D-66D211259176}.Release|x86.Build.0 = Release|Win32
		{9C494346-D69E-4DD0-95FC-0A0634E9BA86}.Debug|x64.ActiveCfg = Debug|x64
		{9C494346-D69E-4DD0-95FC-0A0634E9BA86}.Debug|x64.Build.0 = Debug|x64
		{9C494346-D69E-4DD0-95FC-0A0634E9BA86}.Debug|x86.ActiveCfg = Debug|Win32
		{9C494346-D69E-4DD0-95FC-0A0634E9BA86}.Debug|x86.Build.0 = Debug|Win32
		{9C494346-D69E-4DD0-95FC-0A0634E9BA86}.Release|x64.ActiveCfg = Release|x64
		{9C494346-D69E-4DD0-95FC-0A0634E9BA86}.Release|x64.Build.0 = Release|x64
		{9C494346-D69E-4DD0-95FC-0A0634E9BA86}.Release|x86.ActiveCfg = Release|Win32
		{9C494346-D69E-4DD0-95FC-0A0634E9BA86}.Release|x86.Build.0 = Release|Win32
		{F53D686C-E458-4C7B-89F4-F63F90411C29}.Debug|x64.ActiveCfg = Debug|x64
		{F53D686C-E458-4C7B-89F4-F63F90411C29}.Debug|x64.Build.0 = Debug|x64
		{F53D686C-E458-4C7B-89F4-F63F90411C29}.Debug|x86.ActiveCfg = Debug|Win32
		{F53D686C-E458-4C7B-89F4-F63F90411C29}.Debug|x86.Build.0 = Debug|Win32
		{F53D686C-E458-4C7B-89F4-F63F90411C29}.Release|x64.ActiveCfg = Release|x64
		{F53D686C-E458-4C7B-89F4-F63F90411C29}.Release|x64.Build.0 = Release|x64
		{F53D686C-E458-4C7B-89F4-F63F90411C29}.Release|x86.ActiveCfg = Release|Win32
		{F53D686C-E458-4C7B-89F4-F63F90411C29}.Release|x86.Build.0 = Release|Win32
		{191C7733-6E45-4FC7-AB3A-CCCE6722F9B8}.Debug|x64.ActiveCfg = Debug|x64
		{191C7733-6E45-4FC7-AB3A-CCCE6722F9B8}.Debug|x64.Build.0 = Debug|x64
		{191C7733-6E45-4FC7-AB3A-CCCE6722F9B8}.Debug|x86.ActiveCfg = Debug|Win32
		{191C7733-6E45-4FC7-AB3A-CCCE6722F9B8}.Debug|x86.Build.0 = Debug|Win32
		{191C7733-6E45-4FC7-AB3A-CCCE6722F9B8}.Release|x64.ActiveCfg = Release|x64
		{191C7733-6E45-4FC7-AB3A-CCCE6722F9B8}.Release|x64.Build.0 = Release|x64
		{191C7733-6E45-4FC7-AB3A-CCCE6722F9B8}.Release|x86.ActiveCfg = Release|Win32
		{191C7733-6E45-4FC7-AB3A-CCCE6722F9B8}.Release|x86.Build.0 = Release|Win32
	EndGlobalSection
	GlobalSection(SolutionProperties) = preSolution
		HideSolutionNode = FALSE
	EndGlobalSection
	GlobalSection(NestedProjects) = preSolution
		{88DAFFF9-E045-4AF8-B786-E06483D648C7} = {E7524A7F-1A7F-4373-8189-FD4741147B37}
		{4D99582A-F228-468D-8DBB-9CAC5E1BF8B8} = {E7524A7F-1A7F-4373-8189-FD4741147B37}
	EndGlobalSection
	GlobalSection(ExtensibilityGlobals) = postSolution
		SolutionGuid = {8A8A4EEE-9053-4F7C-8B6C-E5ADD5500DFB}
	EndGlobalSection
EndGlobal
