<?xml version="1.0" encoding="utf-8"?>
<Project ToolsVersion="4.0" xmlns="http://schemas.microsoft.com/developer/msbuild/2003">
  <ItemGroup>
    <Filter Include="Source Files">
      <UniqueIdentifier>{4FC737F1-C7A5-4376-A066-2A32D752A2FF}</UniqueIdentifier>
      <Extensions>cpp;c;cc;cxx;def;odl;idl;hpj;bat;asm;asmx</Extensions>
    </Filter>
    <Filter Include="Header Files">
      <UniqueIdentifier>{93995380-89BD-4b04-88EB-625FBE52EBFB}</UniqueIdentifier>
      <Extensions>h;hh;hpp;hxx;hm;inl;inc;ipp;xsd</Extensions>
    </Filter>
    <Filter Include="Resource Files">
      <UniqueIdentifier>{67DA6AB6-F800-4c08-8B7A-83BB121AAD01}</UniqueIdentifier>
      <Extensions>rc;ico;cur;bmp;dlg;rc2;rct;bin;rgs;gif;jpg;jpeg;jpe;resx;tiff;tif;png;wav;mfcribbon-ms</Extensions>
    </Filter>
    <Filter Include="Source Files\CPU">
      <UniqueIdentifier>{739859e3-e873-4a41-9739-1a475a0a7fa9}</UniqueIdentifier>
    </Filter>
    <Filter Include="Source Files\CPU\ALU">
      <UniqueIdentifier>{348ebeb9-a78b-4dff-88ae-a6d7667f78bc}</UniqueIdentifier>
    </Filter>
    <Filter Include="Source Files\CPU\Branch Predictor">
      <UniqueIdentifier>{781cd4f2-bb88-48ff-b28d-18286f97e968}</UniqueIdentifier>
    </Filter>
    <Filter Include="Source Files\CPU\Cache">
      <UniqueIdentifier>{8899bb1a-04da-4233-ad32-802388daa5d8}</UniqueIdentifier>
    </Filter>
    <Filter Include="Source Files\CPU\Decoder">
      <UniqueIdentifier>{02d28cee-63c3-49b2-8e77-ba68cd470829}</UniqueIdentifier>
    </Filter>
    <Filter Include="Source Files\CPU\Fetch">
      <UniqueIdentifier>{91161a49-5b72-4368-8611-7a93e9b99f22}</UniqueIdentifier>
    </Filter>
    <Filter Include="Source Files\CPU\Pipeline">
      <UniqueIdentifier>{40b62f06-9947-4561-aa94-3199fc6ccae1}</UniqueIdentifier>
    </Filter>
    <Filter Include="Header Files\CPU">
      <UniqueIdentifier>{5e3c58f8-4fb3-4c33-8540-0204fcac9b13}</UniqueIdentifier>
    </Filter>
    <Filter Include="Header Files\CPU\ALU">
      <UniqueIdentifier>{ad0ef2f9-5573-49ba-9f8f-36b4169ba943}</UniqueIdentifier>
    </Filter>
    <Filter Include="Header Files\CPU\Branch Predictor">
      <UniqueIdentifier>{a9ebcd32-9cf3-45c6-8521-128c5b6f1bea}</UniqueIdentifier>
    </Filter>
    <Filter Include="Header Files\CPU\Cache">
      <UniqueIdentifier>{d85bd0bc-214b-4e98-8623-31438a4fb3d6}</UniqueIdentifier>
    </Filter>
    <Filter Include="Header Files\CPU\Decoder">
      <UniqueIdentifier>{b341f246-e4d9-4986-9ff7-e7d4bc77bd6e}</UniqueIdentifier>
    </Filter>
    <Filter Include="Header Files\CPU\Fetch">
      <UniqueIdentifier>{70ab500d-e46e-41e7-b3c3-a12ce8e787a3}</UniqueIdentifier>
    </Filter>
    <Filter Include="Header Files\CPU\Pipeline">
      <UniqueIdentifier>{81aa7b03-5932-4534-8cce-bee98d39034a}</UniqueIdentifier>
    </Filter>
    <Filter Include="Header Files\CPU\Execute">
      <UniqueIdentifier>{d61bf19b-e509-4a93-b7f3-57d34640d38a}</UniqueIdentifier>
    </Filter>
    <Filter Include="Source Files\CPU\Execute">
      <UniqueIdentifier>{c9a460ce-2175-4a82-8012-6caba74f3f2b}</UniqueIdentifier>
    </Filter>
    <Filter Include="Source Files\CPU\Registers">
      <UniqueIdentifier>{a1b068af-0409-4ac6-b5b0-9e4bfe01f46b}</UniqueIdentifier>
    </Filter>
    <Filter Include="Header Files\CPU\Registers">
      <UniqueIdentifier>{e5514703-38f3-4016-b614-39be7894f40e}</UniqueIdentifier>
    </Filter>
    <Filter Include="Source Files\CPU\Memory">
      <UniqueIdentifier>{69f790b3-6e98-431b-9077-72b47d214759}</UniqueIdentifier>
    </Filter>
    <Filter Include="Header Files\CPU\Memory">
      <UniqueIdentifier>{e1acd113-e1da-49d3-b20e-9f96d8bb0da3}</UniqueIdentifier>
    </Filter>
  </ItemGroup>
  <ItemGroup>
    <ClCompile Include="CPU\branchpredictor.cpp">
      <Filter>Source Files\CPU\Branch Predictor</Filter>
    </ClCompile>
    <ClCompile Include="CPU\decoder.cpp">
      <Filter>Source Files\CPU\Decoder</Filter>
    </ClCompile>
    <ClCompile Include="CPU\fetch.cpp">
      <Filter>Source Files\CPU\Fetch</Filter>
    </ClCompile>
    <ClCompile Include="CPU\execute.cpp">
      <Filter>Source Files\CPU\Execute</Filter>
    </ClCompile>
    <ClCompile Include="CPU\instructions.cpp">
      <Filter>Source Files\CPU\ALU</Filter>
    </ClCompile>
    <ClCompile Include="CPU\registers.cpp">
      <Filter>Source Files\CPU\Registers</Filter>
    </ClCompile>
    <ClCompile Include="CPU\cache.cpp">
      <Filter>Source Files\CPU\Cache</Filter>
    </ClCompile>
    <ClCompile Include="CPU\pipeline.cpp">
      <Filter>Source Files\CPU\Pipeline</Filter>
    </ClCompile>
  </ItemGroup>
  <ItemGroup>
    <ClInclude Include="CPU\fetch.hpp">
      <Filter>Header Files\CPU\Fetch</Filter>
    </ClInclude>
    <ClInclude Include="CPU\decoder.hpp">
      <Filter>Header Files\CPU\Decoder</Filter>
    </ClInclude>
    <ClInclude Include="CPU\branchpredictor.hpp">
      <Filter>Header Files\CPU\Branch Predictor</Filter>
    </ClInclude>
    <ClInclude Include="CPU\execute.hpp">
      <Filter>Header Files\CPU\Execute</Filter>
    </ClInclude>
    <ClInclude Include="CPU\instructions.hpp">
      <Filter>Header Files\CPU\ALU</Filter>
    </ClInclude>
    <ClInclude Include="CPU\registers.hpp">
      <Filter>Header Files\CPU\Registers</Filter>
    </ClInclude>
    <ClInclude Include="CPU\cache.hpp">
      <Filter>Header Files\CPU\Cache</Filter>
    </ClInclude>
    <ClInclude Include="CPU\location.hpp">
      <Filter>Header Files\CPU\Memory</Filter>
    </ClInclude>
    <ClInclude Include="CPU\memory.hpp">
      <Filter>Header Files\CPU\Memory</Filter>
    </ClInclude>
    <ClInclude Include="CPU\pipeline.hpp">
      <Filter>Header Files\CPU\Pipeline</Filter>
    </ClInclude>
  </ItemGroup>
</Project>